
Microsoft Visual Studio Solution File, Format Version 12.00
# Visual Studio Version 17
VisualStudioVersion = 17.6.33829.357
MinimumVisualStudioVersion = 10.0.40219.1
Project("{FAE04EC0-301F-11D3-BF4B-00C04F79EFBC}") = "MathHelper", "MathHelper.csproj", "{783078F2-3AFD-4860-9E89-9316AF09C439}"
EndProject
Global
	GlobalSection(SolutionConfigurationPlatforms) = preSolution
		Debug|Any CPU = Debug|Any CPU
		Release|Any CPU = Release|Any CPU
	EndGlobalSection
	GlobalSection(ProjectConfigurationPlatforms) = postSolution
		{783078F2-3AFD-4860-9E89-9316AF09C439}.Debug|Any CPU.ActiveCfg = Debug|Any CPU
		{783078F2-3AFD-4860-9E89-9316AF09C439}.Debug|Any CPU.Build.0 = Debug|Any CPU
		{783078F2-3AFD-4860-9E89-9316AF09C439}.Release|Any CPU.ActiveCfg = Release|Any CPU
		{783078F2-3AFD-4860-9E89-9316AF09C439}.Release|Any CPU.Build.0 = Release|Any CPU
	EndGlobalSection
	GlobalSection(SolutionProperties) = preSolution
		HideSolutionNode = FALSE
	EndGlobalSection
	GlobalSection(ExtensibilityGlobals) = postSolution
		SolutionGuid = {8112F503-08DF-4D10-B5D3-42361F879AA0}
	EndGlobalSection
EndGlobal
